// !$*UTF8*$!
{
	archiveVersion = 1;
	classes = {
	};
	objectVersion = 70;
	objects = {

/* Begin PBXBuildFile section */
		5C0FF5552A784F15008EBD1D /* DogView.swift in Sources */ = {isa = PBXBuildFile; fileRef = 5C0FF5542A784F15008EBD1D /* DogView.swift */; };
		5C0FF5592A7852B7008EBD1D /* StringExtensions.swift in Sources */ = {isa = PBXBuildFile; fileRef = 5C0FF5582A7852B7008EBD1D /* StringExtensions.swift */; };
		5C0FF55A2A7852B7008EBD1D /* StringExtensions.swift in Sources */ = {isa = PBXBuildFile; fileRef = 5C0FF5582A7852B7008EBD1D /* StringExtensions.swift */; };
		5C0FF55C2A78531D008EBD1D /* BindingExtensions.swift in Sources */ = {isa = PBXBuildFile; fileRef = 5C0FF55B2A78531D008EBD1D /* BindingExtensions.swift */; };
		5C0FF55D2A78531D008EBD1D /* BindingExtensions.swift in Sources */ = {isa = PBXBuildFile; fileRef = 5C0FF55B2A78531D008EBD1D /* BindingExtensions.swift */; };
		5C0FF55F2A7863F1008EBD1D /* ContentView.swift in Sources */ = {isa = PBXBuildFile; fileRef = 5C0FF55E2A7863F1008EBD1D /* ContentView.swift */; };
		5C0FF5612A7864B3008EBD1D /* DogItemView.swift in Sources */ = {isa = PBXBuildFile; fileRef = 5C0FF5602A7864B3008EBD1D /* DogItemView.swift */; };
		5C0FF5642A78669A008EBD1D /* DogListView.swift in Sources */ = {isa = PBXBuildFile; fileRef = 5C0FF5632A78669A008EBD1D /* DogListView.swift */; };
		5C0FF56E2A7AAA28008EBD1D /* SexItemView.swift in Sources */ = {isa = PBXBuildFile; fileRef = 5C0FF56D2A7AAA28008EBD1D /* SexItemView.swift */; };
		5C0FF5702A7AABE5008EBD1D /* SexListView.swift in Sources */ = {isa = PBXBuildFile; fileRef = 5C0FF56F2A7AABE5008EBD1D /* SexListView.swift */; };
		5C0FF5742A7AB259008EBD1D /* SettingsView.swift in Sources */ = {isa = PBXBuildFile; fileRef = 5C0FF5732A7AB259008EBD1D /* SettingsView.swift */; };
		5C0FF5762A7ADF5D008EBD1D /* GassiView.swift in Sources */ = {isa = PBXBuildFile; fileRef = 5C0FF5752A7ADF5D008EBD1D /* GassiView.swift */; };
		5C0FF5782A7ADF82008EBD1D /* EventsView.swift in Sources */ = {isa = PBXBuildFile; fileRef = 5C0FF5772A7ADF82008EBD1D /* EventsView.swift */; };
		5C0FF57A2A7ADF9F008EBD1D /* ReportView.swift in Sources */ = {isa = PBXBuildFile; fileRef = 5C0FF5792A7ADF9F008EBD1D /* ReportView.swift */; };
		5C0FF57C2A7AF8A5008EBD1D /* NavigationController.swift in Sources */ = {isa = PBXBuildFile; fileRef = 5C0FF57B2A7AF8A5008EBD1D /* NavigationController.swift */; };
		5C0FF57E2A7D1478008EBD1D /* SexView.swift in Sources */ = {isa = PBXBuildFile; fileRef = 5C0FF57D2A7D1478008EBD1D /* SexView.swift */; };
		5C0FF5822A7D5F14008EBD1D /* BreedListView.swift in Sources */ = {isa = PBXBuildFile; fileRef = 5C0FF57F2A7D5D88008EBD1D /* BreedListView.swift */; };
		5C0FF5832A7D5F19008EBD1D /* BreedItemView.swift in Sources */ = {isa = PBXBuildFile; fileRef = 5C0FF5802A7D5D89008EBD1D /* BreedItemView.swift */; };
		5C0FF5842A7D5F1D008EBD1D /* BreedView.swift in Sources */ = {isa = PBXBuildFile; fileRef = 5C0FF5812A7D5D89008EBD1D /* BreedView.swift */; };
		5C2F99062A95FE7C008889F5 /* TimeIntervalExtension.swift in Sources */ = {isa = PBXBuildFile; fileRef = 5C2F99052A95FE7C008889F5 /* TimeIntervalExtension.swift */; };
		5C2F99072A95FE7C008889F5 /* TimeIntervalExtension.swift in Sources */ = {isa = PBXBuildFile; fileRef = 5C2F99052A95FE7C008889F5 /* TimeIntervalExtension.swift */; };
		5C2F99092A969802008889F5 /* DogMenuView.swift in Sources */ = {isa = PBXBuildFile; fileRef = 5C2F99082A969802008889F5 /* DogMenuView.swift */; };
		5C36DAC52CA2C54B00175380 /* Localizable.xcstrings in Resources */ = {isa = PBXBuildFile; fileRef = 5C36DAC42CA2C54B00175380 /* Localizable.xcstrings */; };
		5C3BF1212A68529E00E006C6 /* GassiApp.swift in Sources */ = {isa = PBXBuildFile; fileRef = 5C3BF1202A68529E00E006C6 /* GassiApp.swift */; };
		5C3BF1232A68529E00E006C6 /* ContentView.swift in Sources */ = {isa = PBXBuildFile; fileRef = 5C3BF1222A68529E00E006C6 /* ContentView.swift */; };
		5C3BF1252A68529E00E006C6 /* Assets.xcassets in Resources */ = {isa = PBXBuildFile; fileRef = 5C3BF1242A68529E00E006C6 /* Assets.xcassets */; };
		5C3BF1282A68529E00E006C6 /* Preview Assets.xcassets in Resources */ = {isa = PBXBuildFile; fileRef = 5C3BF1272A68529E00E006C6 /* Preview Assets.xcassets */; };
		5C3BF12A2A68529E00E006C6 /* CoreDataController.swift in Sources */ = {isa = PBXBuildFile; fileRef = 5C3BF1292A68529E00E006C6 /* CoreDataController.swift */; };
		5C3BF12D2A68529E00E006C6 /* Gassi.xcdatamodeld in Sources */ = {isa = PBXBuildFile; fileRef = 5C3BF12B2A68529E00E006C6 /* Gassi.xcdatamodeld */; };
		5C40379D2A7ECB2A004063E2 /* EventListView.swift in Sources */ = {isa = PBXBuildFile; fileRef = 5C40379C2A7ECB2A004063E2 /* EventListView.swift */; };
		5C40379F2A7ECB45004063E2 /* EventItemView.swift in Sources */ = {isa = PBXBuildFile; fileRef = 5C40379E2A7ECB45004063E2 /* EventItemView.swift */; };
		5C4037A12A7ECB52004063E2 /* EventView.swift in Sources */ = {isa = PBXBuildFile; fileRef = 5C4037A02A7ECB52004063E2 /* EventView.swift */; };
		5C4037A32A7ECB61004063E2 /* TypeListView.swift in Sources */ = {isa = PBXBuildFile; fileRef = 5C4037A22A7ECB61004063E2 /* TypeListView.swift */; };
		5C4037A52A7ECB6C004063E2 /* TypeItemView.swift in Sources */ = {isa = PBXBuildFile; fileRef = 5C4037A42A7ECB6C004063E2 /* TypeItemView.swift */; };
		5C4037A72A7ECB7A004063E2 /* TypeView.swift in Sources */ = {isa = PBXBuildFile; fileRef = 5C4037A62A7ECB7A004063E2 /* TypeView.swift */; };
		5C4037A92A7ECB8E004063E2 /* SubtypeListView.swift in Sources */ = {isa = PBXBuildFile; fileRef = 5C4037A82A7ECB8E004063E2 /* SubtypeListView.swift */; };
		5C4037AB2A7ECB99004063E2 /* SubtypeItemView.swift in Sources */ = {isa = PBXBuildFile; fileRef = 5C4037AA2A7ECB99004063E2 /* SubtypeItemView.swift */; };
		5C4037AD2A7ECBA9004063E2 /* SubtypeView.swift in Sources */ = {isa = PBXBuildFile; fileRef = 5C4037AC2A7ECBA9004063E2 /* SubtypeView.swift */; };
		5C49B8D42AD09EE3002A6561 /* GassiBreeds.json in Resources */ = {isa = PBXBuildFile; fileRef = 5C49B8D32AD09EE3002A6561 /* GassiBreeds.json */; };
		5C71D4542A975602005B1DF6 /* AddGassiView.swift in Sources */ = {isa = PBXBuildFile; fileRef = 5C71D4532A975602005B1DF6 /* AddGassiView.swift */; };
		5C71D4572A97CDB2005B1DF6 /* RecentEventRowView.swift in Sources */ = {isa = PBXBuildFile; fileRef = 5C71D4552A97CDB2005B1DF6 /* RecentEventRowView.swift */; };
		5C71D4582A97CDB2005B1DF6 /* RecentEventsListView.swift in Sources */ = {isa = PBXBuildFile; fileRef = 5C71D4562A97CDB2005B1DF6 /* RecentEventsListView.swift */; };
		5C71D45A2A97D5AC005B1DF6 /* DateExtension.swift in Sources */ = {isa = PBXBuildFile; fileRef = 5C71D4592A97D5AC005B1DF6 /* DateExtension.swift */; };
		5C86AF632A80246F00A8CCAD /* TypePickerView.swift in Sources */ = {isa = PBXBuildFile; fileRef = 5C86AF622A80246F00A8CCAD /* TypePickerView.swift */; };
		5C86AF652A80254C00A8CCAD /* EventDogPickerView.swift in Sources */ = {isa = PBXBuildFile; fileRef = 5C86AF642A80254C00A8CCAD /* EventDogPickerView.swift */; };
		5C86AF672A8818D100A8CCAD /* EventSubtypePickerView.swift in Sources */ = {isa = PBXBuildFile; fileRef = 5C86AF662A8818D100A8CCAD /* EventSubtypePickerView.swift */; };
		5CA5C3922A68663F00B867D0 /* CoreDataController.swift in Sources */ = {isa = PBXBuildFile; fileRef = 5C3BF1292A68529E00E006C6 /* CoreDataController.swift */; };
		5CA5C3A22A6872BC00B867D0 /* Documentation.docc in Sources */ = {isa = PBXBuildFile; fileRef = 5CA5C3A12A6872BC00B867D0 /* Documentation.docc */; };
		5CA5C3A32A6872BC00B867D0 /* Documentation.docc in Sources */ = {isa = PBXBuildFile; fileRef = 5CA5C3A12A6872BC00B867D0 /* Documentation.docc */; };
		5CBA09442A6D1DA10036EF67 /* Gassi.xcdatamodeld in Sources */ = {isa = PBXBuildFile; fileRef = 5C3BF12B2A68529E00E006C6 /* Gassi.xcdatamodeld */; };
		5CBA094E2A6DA6E50036EF67 /* UserDefaultsKeys.swift in Sources */ = {isa = PBXBuildFile; fileRef = 5CBA094D2A6DA6E50036EF67 /* UserDefaultsKeys.swift */; };
		5CBA094F2A6DA6E50036EF67 /* UserDefaultsKeys.swift in Sources */ = {isa = PBXBuildFile; fileRef = 5CBA094D2A6DA6E50036EF67 /* UserDefaultsKeys.swift */; };
		5CBA09512A6DB3670036EF67 /* CoreDataExtensions.swift in Sources */ = {isa = PBXBuildFile; fileRef = 5CBA09502A6DB3670036EF67 /* CoreDataExtensions.swift */; };
		5CBA09522A6DB3670036EF67 /* CoreDataExtensions.swift in Sources */ = {isa = PBXBuildFile; fileRef = 5CBA09502A6DB3670036EF67 /* CoreDataExtensions.swift */; };
		5CCD1D282A68532D00DA8727 /* GassiWatchApp.swift in Sources */ = {isa = PBXBuildFile; fileRef = 5CCD1D272A68532D00DA8727 /* GassiWatchApp.swift */; };
		5CCD1D2C2A68532D00DA8727 /* Assets.xcassets in Resources */ = {isa = PBXBuildFile; fileRef = 5CCD1D2B2A68532D00DA8727 /* Assets.xcassets */; };
		5CCD1D2F2A68532D00DA8727 /* Preview Assets.xcassets in Resources */ = {isa = PBXBuildFile; fileRef = 5CCD1D2E2A68532D00DA8727 /* Preview Assets.xcassets */; };
		5CCD1D322A68532D00DA8727 /* GassiWatch Watch App.app in Embed Watch Content */ = {isa = PBXBuildFile; fileRef = 5CCD1D252A68532C00DA8727 /* GassiWatch Watch App.app */; settings = {ATTRIBUTES = (RemoveHeadersOnCopy, ); }; };
/* End PBXBuildFile section */

/* Begin PBXContainerItemProxy section */
		5C9F5BBA2EB2CCAD00AEE0F8 /* PBXContainerItemProxy */ = {
			isa = PBXContainerItemProxy;
			containerPortal = 5C3BF1152A68529E00E006C6 /* Project object */;
			proxyType = 1;
			remoteGlobalIDString = 5C3BF11C2A68529E00E006C6;
			remoteInfo = Gassi;
		};
		5CCD1D302A68532D00DA8727 /* PBXContainerItemProxy */ = {
			isa = PBXContainerItemProxy;
			containerPortal = 5C3BF1152A68529E00E006C6 /* Project object */;
			proxyType = 1;
			remoteGlobalIDString = 5CCD1D242A68532C00DA8727;
			remoteInfo = "GassiWatch Watch App";
		};
/* End PBXContainerItemProxy section */

/* Begin PBXCopyFilesBuildPhase section */
		5CCD1D362A68532D00DA8727 /* Embed Watch Content */ = {
			isa = PBXCopyFilesBuildPhase;
			buildActionMask = 2147483647;
			dstPath = "$(CONTENTS_FOLDER_PATH)/Watch";
			dstSubfolderSpec = 16;
			files = (
				5CCD1D322A68532D00DA8727 /* GassiWatch Watch App.app in Embed Watch Content */,
			);
			name = "Embed Watch Content";
			runOnlyForDeploymentPostprocessing = 0;
		};
/* End PBXCopyFilesBuildPhase section */

/* Begin PBXFileReference section */
		5C0FF5542A784F15008EBD1D /* DogView.swift */ = {isa = PBXFileReference; lastKnownFileType = sourcecode.swift; path = DogView.swift; sourceTree = "<group>"; };
		5C0FF5582A7852B7008EBD1D /* StringExtensions.swift */ = {isa = PBXFileReference; lastKnownFileType = sourcecode.swift; path = StringExtensions.swift; sourceTree = "<group>"; };
		5C0FF55B2A78531D008EBD1D /* BindingExtensions.swift */ = {isa = PBXFileReference; lastKnownFileType = sourcecode.swift; path = BindingExtensions.swift; sourceTree = "<group>"; };
		5C0FF55E2A7863F1008EBD1D /* ContentView.swift */ = {isa = PBXFileReference; lastKnownFileType = sourcecode.swift; path = ContentView.swift; sourceTree = "<group>"; };
		5C0FF5602A7864B3008EBD1D /* DogItemView.swift */ = {isa = PBXFileReference; lastKnownFileType = sourcecode.swift; path = DogItemView.swift; sourceTree = "<group>"; };
		5C0FF5632A78669A008EBD1D /* DogListView.swift */ = {isa = PBXFileReference; lastKnownFileType = sourcecode.swift; path = DogListView.swift; sourceTree = "<group>"; };
		5C0FF56D2A7AAA28008EBD1D /* SexItemView.swift */ = {isa = PBXFileReference; lastKnownFileType = sourcecode.swift; path = SexItemView.swift; sourceTree = "<group>"; };
		5C0FF56F2A7AABE5008EBD1D /* SexListView.swift */ = {isa = PBXFileReference; lastKnownFileType = sourcecode.swift; path = SexListView.swift; sourceTree = "<group>"; };
		5C0FF5732A7AB259008EBD1D /* SettingsView.swift */ = {isa = PBXFileReference; lastKnownFileType = sourcecode.swift; path = SettingsView.swift; sourceTree = "<group>"; };
		5C0FF5752A7ADF5D008EBD1D /* GassiView.swift */ = {isa = PBXFileReference; lastKnownFileType = sourcecode.swift; path = GassiView.swift; sourceTree = "<group>"; };
		5C0FF5772A7ADF82008EBD1D /* EventsView.swift */ = {isa = PBXFileReference; lastKnownFileType = sourcecode.swift; path = EventsView.swift; sourceTree = "<group>"; };
		5C0FF5792A7ADF9F008EBD1D /* ReportView.swift */ = {isa = PBXFileReference; lastKnownFileType = sourcecode.swift; path = ReportView.swift; sourceTree = "<group>"; };
		5C0FF57B2A7AF8A5008EBD1D /* NavigationController.swift */ = {isa = PBXFileReference; lastKnownFileType = sourcecode.swift; path = NavigationController.swift; sourceTree = "<group>"; };
		5C0FF57D2A7D1478008EBD1D /* SexView.swift */ = {isa = PBXFileReference; lastKnownFileType = sourcecode.swift; path = SexView.swift; sourceTree = "<group>"; };
		5C0FF57F2A7D5D88008EBD1D /* BreedListView.swift */ = {isa = PBXFileReference; lastKnownFileType = sourcecode.swift; path = BreedListView.swift; sourceTree = "<group>"; };
		5C0FF5802A7D5D89008EBD1D /* BreedItemView.swift */ = {isa = PBXFileReference; lastKnownFileType = sourcecode.swift; path = BreedItemView.swift; sourceTree = "<group>"; };
		5C0FF5812A7D5D89008EBD1D /* BreedView.swift */ = {isa = PBXFileReference; lastKnownFileType = sourcecode.swift; path = BreedView.swift; sourceTree = "<group>"; };
		5C2F99052A95FE7C008889F5 /* TimeIntervalExtension.swift */ = {isa = PBXFileReference; lastKnownFileType = sourcecode.swift; path = TimeIntervalExtension.swift; sourceTree = "<group>"; };
		5C2F99082A969802008889F5 /* DogMenuView.swift */ = {isa = PBXFileReference; lastKnownFileType = sourcecode.swift; path = DogMenuView.swift; sourceTree = "<group>"; };
		5C36DAC42CA2C54B00175380 /* Localizable.xcstrings */ = {isa = PBXFileReference; lastKnownFileType = text.json.xcstrings; path = Localizable.xcstrings; sourceTree = "<group>"; };
		5C3BF11D2A68529E00E006C6 /* Gassi.app */ = {isa = PBXFileReference; explicitFileType = wrapper.application; includeInIndex = 0; path = Gassi.app; sourceTree = BUILT_PRODUCTS_DIR; };
		5C3BF1202A68529E00E006C6 /* GassiApp.swift */ = {isa = PBXFileReference; lastKnownFileType = sourcecode.swift; path = GassiApp.swift; sourceTree = "<group>"; };
		5C3BF1222A68529E00E006C6 /* ContentView.swift */ = {isa = PBXFileReference; lastKnownFileType = sourcecode.swift; path = ContentView.swift; sourceTree = "<group>"; };
		5C3BF1242A68529E00E006C6 /* Assets.xcassets */ = {isa = PBXFileReference; lastKnownFileType = folder.assetcatalog; path = Assets.xcassets; sourceTree = "<group>"; };
		5C3BF1272A68529E00E006C6 /* Preview Assets.xcassets */ = {isa = PBXFileReference; lastKnownFileType = folder.assetcatalog; path = "Preview Assets.xcassets"; sourceTree = "<group>"; };
		5C3BF1292A68529E00E006C6 /* CoreDataController.swift */ = {isa = PBXFileReference; lastKnownFileType = sourcecode.swift; path = CoreDataController.swift; sourceTree = "<group>"; };
		5C3BF12C2A68529E00E006C6 /* Gassi.xcdatamodel */ = {isa = PBXFileReference; lastKnownFileType = wrapper.xcdatamodel; path = Gassi.xcdatamodel; sourceTree = "<group>"; };
		5C3BF12E2A68529E00E006C6 /* Info.plist */ = {isa = PBXFileReference; lastKnownFileType = text.plist.xml; path = Info.plist; sourceTree = "<group>"; };
		5C40379C2A7ECB2A004063E2 /* EventListView.swift */ = {isa = PBXFileReference; lastKnownFileType = sourcecode.swift; path = EventListView.swift; sourceTree = "<group>"; };
		5C40379E2A7ECB45004063E2 /* EventItemView.swift */ = {isa = PBXFileReference; lastKnownFileType = sourcecode.swift; path = EventItemView.swift; sourceTree = "<group>"; };
		5C4037A02A7ECB52004063E2 /* EventView.swift */ = {isa = PBXFileReference; lastKnownFileType = sourcecode.swift; path = EventView.swift; sourceTree = "<group>"; };
		5C4037A22A7ECB61004063E2 /* TypeListView.swift */ = {isa = PBXFileReference; lastKnownFileType = sourcecode.swift; path = TypeListView.swift; sourceTree = "<group>"; };
		5C4037A42A7ECB6C004063E2 /* TypeItemView.swift */ = {isa = PBXFileReference; lastKnownFileType = sourcecode.swift; path = TypeItemView.swift; sourceTree = "<group>"; };
		5C4037A62A7ECB7A004063E2 /* TypeView.swift */ = {isa = PBXFileReference; lastKnownFileType = sourcecode.swift; path = TypeView.swift; sourceTree = "<group>"; };
		5C4037A82A7ECB8E004063E2 /* SubtypeListView.swift */ = {isa = PBXFileReference; lastKnownFileType = sourcecode.swift; path = SubtypeListView.swift; sourceTree = "<group>"; };
		5C4037AA2A7ECB99004063E2 /* SubtypeItemView.swift */ = {isa = PBXFileReference; lastKnownFileType = sourcecode.swift; path = SubtypeItemView.swift; sourceTree = "<group>"; };
		5C4037AC2A7ECBA9004063E2 /* SubtypeView.swift */ = {isa = PBXFileReference; lastKnownFileType = sourcecode.swift; path = SubtypeView.swift; sourceTree = "<group>"; };
		5C49B8D32AD09EE3002A6561 /* GassiBreeds.json */ = {isa = PBXFileReference; fileEncoding = 4; lastKnownFileType = text.json; path = GassiBreeds.json; sourceTree = "<group>"; };
		5C71D4532A975602005B1DF6 /* AddGassiView.swift */ = {isa = PBXFileReference; lastKnownFileType = sourcecode.swift; path = AddGassiView.swift; sourceTree = "<group>"; };
		5C71D4552A97CDB2005B1DF6 /* RecentEventRowView.swift */ = {isa = PBXFileReference; lastKnownFileType = sourcecode.swift; path = RecentEventRowView.swift; sourceTree = "<group>"; };
		5C71D4562A97CDB2005B1DF6 /* RecentEventsListView.swift */ = {isa = PBXFileReference; lastKnownFileType = sourcecode.swift; path = RecentEventsListView.swift; sourceTree = "<group>"; };
		5C71D4592A97D5AC005B1DF6 /* DateExtension.swift */ = {isa = PBXFileReference; fileEncoding = 4; lastKnownFileType = sourcecode.swift; path = DateExtension.swift; sourceTree = "<group>"; };
		5C86AF622A80246F00A8CCAD /* TypePickerView.swift */ = {isa = PBXFileReference; lastKnownFileType = sourcecode.swift; path = TypePickerView.swift; sourceTree = "<group>"; };
		5C86AF642A80254C00A8CCAD /* EventDogPickerView.swift */ = {isa = PBXFileReference; lastKnownFileType = sourcecode.swift; path = EventDogPickerView.swift; sourceTree = "<group>"; };
		5C86AF662A8818D100A8CCAD /* EventSubtypePickerView.swift */ = {isa = PBXFileReference; fileEncoding = 4; lastKnownFileType = sourcecode.swift; path = EventSubtypePickerView.swift; sourceTree = "<group>"; };
		5C9F5BB42EB2CCAD00AEE0F8 /* GassiUITests.xctest */ = {isa = PBXFileReference; explicitFileType = wrapper.cfbundle; includeInIndex = 0; path = GassiUITests.xctest; sourceTree = BUILT_PRODUCTS_DIR; };
		5CA5C3952A6869C000B867D0 /* Gassi.entitlements */ = {isa = PBXFileReference; lastKnownFileType = text.plist.entitlements; path = Gassi.entitlements; sourceTree = "<group>"; };
		5CA5C3962A6869D500B867D0 /* GassiWatch-Watch-App-Info.plist */ = {isa = PBXFileReference; lastKnownFileType = text.plist; path = "GassiWatch-Watch-App-Info.plist"; sourceTree = SOURCE_ROOT; };
		5CA5C3972A6869E200B867D0 /* GassiWatch Watch App.entitlements */ = {isa = PBXFileReference; lastKnownFileType = text.plist.entitlements; path = "GassiWatch Watch App.entitlements"; sourceTree = "<group>"; };
		5CA5C3A12A6872BC00B867D0 /* Documentation.docc */ = {isa = PBXFileReference; lastKnownFileType = folder.documentationcatalog; path = Documentation.docc; sourceTree = "<group>"; };
		5CBA094D2A6DA6E50036EF67 /* UserDefaultsKeys.swift */ = {isa = PBXFileReference; lastKnownFileType = sourcecode.swift; path = UserDefaultsKeys.swift; sourceTree = "<group>"; };
		5CBA09502A6DB3670036EF67 /* CoreDataExtensions.swift */ = {isa = PBXFileReference; lastKnownFileType = sourcecode.swift; path = CoreDataExtensions.swift; sourceTree = "<group>"; };
		5CCD1D252A68532C00DA8727 /* GassiWatch Watch App.app */ = {isa = PBXFileReference; explicitFileType = wrapper.application; includeInIndex = 0; path = "GassiWatch Watch App.app"; sourceTree = BUILT_PRODUCTS_DIR; };
		5CCD1D272A68532D00DA8727 /* GassiWatchApp.swift */ = {isa = PBXFileReference; lastKnownFileType = sourcecode.swift; path = GassiWatchApp.swift; sourceTree = "<group>"; };
		5CCD1D2B2A68532D00DA8727 /* Assets.xcassets */ = {isa = PBXFileReference; lastKnownFileType = folder.assetcatalog; path = Assets.xcassets; sourceTree = "<group>"; };
		5CCD1D2E2A68532D00DA8727 /* Preview Assets.xcassets */ = {isa = PBXFileReference; lastKnownFileType = folder.assetcatalog; path = "Preview Assets.xcassets"; sourceTree = "<group>"; };
/* End PBXFileReference section */

/* Begin PBXFileSystemSynchronizedRootGroup section */
		5C9F5BB52EB2CCAD00AEE0F8 /* GassiUITests */ = {isa = PBXFileSystemSynchronizedRootGroup; explicitFileTypes = {}; explicitFolders = (); path = GassiUITests; sourceTree = "<group>"; };
/* End PBXFileSystemSynchronizedRootGroup section */

/* Begin PBXFrameworksBuildPhase section */
		5C3BF11A2A68529E00E006C6 /* Frameworks */ = {
			isa = PBXFrameworksBuildPhase;
			buildActionMask = 2147483647;
			files = (
			);
			runOnlyForDeploymentPostprocessing = 0;
		};
		5C9F5BB12EB2CCAD00AEE0F8 /* Frameworks */ = {
			isa = PBXFrameworksBuildPhase;
			buildActionMask = 2147483647;
			files = (
			);
			runOnlyForDeploymentPostprocessing = 0;
		};
		5CCD1D222A68532C00DA8727 /* Frameworks */ = {
			isa = PBXFrameworksBuildPhase;
			buildActionMask = 2147483647;
			files = (
			);
			runOnlyForDeploymentPostprocessing = 0;
		};
/* End PBXFrameworksBuildPhase section */

/* Begin PBXGroup section */
		5C0FF5572A78528F008EBD1D /* Extensions */ = {
			isa = PBXGroup;
			children = (
				5C0FF5582A7852B7008EBD1D /* StringExtensions.swift */,
				5C0FF55B2A78531D008EBD1D /* BindingExtensions.swift */,
				5C2F99052A95FE7C008889F5 /* TimeIntervalExtension.swift */,
				5C71D4592A97D5AC005B1DF6 /* DateExtension.swift */,
			);
			path = Extensions;
			sourceTree = "<group>";
		};
		5C0FF5662A799F9E008EBD1D /* Views */ = {
			isa = PBXGroup;
			children = (
				5C0FF5672A799FBE008EBD1D /* Dogs */,
				5C0FF5682A7AA95B008EBD1D /* Breeds */,
				5C0FF5692A7AA962008EBD1D /* Sexs */,
				5C0FF56A2A7AA979008EBD1D /* Types */,
				5C0FF56B2A7AA981008EBD1D /* Subtypes */,
				5C0FF56C2A7AA9D3008EBD1D /* Events */,
				5C3BF1222A68529E00E006C6 /* ContentView.swift */,
				5C0FF5752A7ADF5D008EBD1D /* GassiView.swift */,
				5C0FF5772A7ADF82008EBD1D /* EventsView.swift */,
				5C0FF5792A7ADF9F008EBD1D /* ReportView.swift */,
				5C0FF5732A7AB259008EBD1D /* SettingsView.swift */,
			);
			path = Views;
			sourceTree = "<group>";
		};
		5C0FF5672A799FBE008EBD1D /* Dogs */ = {
			isa = PBXGroup;
			children = (
				5C2F99082A969802008889F5 /* DogMenuView.swift */,
				5C0FF5632A78669A008EBD1D /* DogListView.swift */,
				5C0FF5602A7864B3008EBD1D /* DogItemView.swift */,
				5C0FF5542A784F15008EBD1D /* DogView.swift */,
			);
			path = Dogs;
			sourceTree = "<group>";
		};
		5C0FF5682A7AA95B008EBD1D /* Breeds */ = {
			isa = PBXGroup;
			children = (
				5C0FF57F2A7D5D88008EBD1D /* BreedListView.swift */,
				5C0FF5802A7D5D89008EBD1D /* BreedItemView.swift */,
				5C0FF5812A7D5D89008EBD1D /* BreedView.swift */,
			);
			path = Breeds;
			sourceTree = "<group>";
		};
		5C0FF5692A7AA962008EBD1D /* Sexs */ = {
			isa = PBXGroup;
			children = (
				5C0FF56F2A7AABE5008EBD1D /* SexListView.swift */,
				5C0FF56D2A7AAA28008EBD1D /* SexItemView.swift */,
				5C0FF57D2A7D1478008EBD1D /* SexView.swift */,
			);
			path = Sexs;
			sourceTree = "<group>";
		};
		5C0FF56A2A7AA979008EBD1D /* Types */ = {
			isa = PBXGroup;
			children = (
				5C4037A22A7ECB61004063E2 /* TypeListView.swift */,
				5C4037A42A7ECB6C004063E2 /* TypeItemView.swift */,
				5C4037A62A7ECB7A004063E2 /* TypeView.swift */,
				5C86AF622A80246F00A8CCAD /* TypePickerView.swift */,
			);
			path = Types;
			sourceTree = "<group>";
		};
		5C0FF56B2A7AA981008EBD1D /* Subtypes */ = {
			isa = PBXGroup;
			children = (
				5C4037A82A7ECB8E004063E2 /* SubtypeListView.swift */,
				5C4037AA2A7ECB99004063E2 /* SubtypeItemView.swift */,
				5C4037AC2A7ECBA9004063E2 /* SubtypeView.swift */,
			);
			path = Subtypes;
			sourceTree = "<group>";
		};
		5C0FF56C2A7AA9D3008EBD1D /* Events */ = {
			isa = PBXGroup;
			children = (
				5C40379C2A7ECB2A004063E2 /* EventListView.swift */,
				5C40379E2A7ECB45004063E2 /* EventItemView.swift */,
				5C4037A02A7ECB52004063E2 /* EventView.swift */,
				5C86AF642A80254C00A8CCAD /* EventDogPickerView.swift */,
				5C86AF662A8818D100A8CCAD /* EventSubtypePickerView.swift */,
				5C71D4532A975602005B1DF6 /* AddGassiView.swift */,
				5C71D4562A97CDB2005B1DF6 /* RecentEventsListView.swift */,
				5C71D4552A97CDB2005B1DF6 /* RecentEventRowView.swift */,
			);
			path = Events;
			sourceTree = "<group>";
		};
		5C3BF1142A68529E00E006C6 = {
			isa = PBXGroup;
			children = (
				5CA5C3A12A6872BC00B867D0 /* Documentation.docc */,
				5CA5C38F2A68657000B867D0 /* Shared */,
				5C3BF11F2A68529E00E006C6 /* Gassi */,
				5CCD1D262A68532D00DA8727 /* GassiWatch Watch App */,
				5C9F5BB52EB2CCAD00AEE0F8 /* GassiUITests */,
				5C3BF11E2A68529E00E006C6 /* Products */,
				5CCD1D1C2A6852DF00DA8727 /* Frameworks */,
			);
			sourceTree = "<group>";
		};
		5C3BF11E2A68529E00E006C6 /* Products */ = {
			isa = PBXGroup;
			children = (
				5C3BF11D2A68529E00E006C6 /* Gassi.app */,
				5CCD1D252A68532C00DA8727 /* GassiWatch Watch App.app */,
				5C9F5BB42EB2CCAD00AEE0F8 /* GassiUITests.xctest */,
			);
			name = Products;
			sourceTree = "<group>";
		};
		5C3BF11F2A68529E00E006C6 /* Gassi */ = {
			isa = PBXGroup;
			children = (
				5CA5C3952A6869C000B867D0 /* Gassi.entitlements */,
				5C3BF12E2A68529E00E006C6 /* Info.plist */,
				5C3BF1202A68529E00E006C6 /* GassiApp.swift */,
				5C0FF5662A799F9E008EBD1D /* Views */,
				5C3BF1242A68529E00E006C6 /* Assets.xcassets */,
				5C3BF1262A68529E00E006C6 /* Preview Content */,
			);
			path = Gassi;
			sourceTree = "<group>";
		};
		5C3BF1262A68529E00E006C6 /* Preview Content */ = {
			isa = PBXGroup;
			children = (
				5C3BF1272A68529E00E006C6 /* Preview Assets.xcassets */,
			);
			path = "Preview Content";
			sourceTree = "<group>";
		};
		5CA5C38F2A68657000B867D0 /* Shared */ = {
			isa = PBXGroup;
			children = (
				5C0FF5572A78528F008EBD1D /* Extensions */,
				5CA5C3912A68658200B867D0 /* Model */,
				5CA5C3902A68657800B867D0 /* Views */,
				5CA5C3982A686BE300B867D0 /* Resources */,
			);
			path = Shared;
			sourceTree = "<group>";
		};
		5CA5C3902A68657800B867D0 /* Views */ = {
			isa = PBXGroup;
			children = (
				5C0FF57B2A7AF8A5008EBD1D /* NavigationController.swift */,
			);
			path = Views;
			sourceTree = "<group>";
		};
		5CA5C3912A68658200B867D0 /* Model */ = {
			isa = PBXGroup;
			children = (
				5C3BF12B2A68529E00E006C6 /* Gassi.xcdatamodeld */,
				5C3BF1292A68529E00E006C6 /* CoreDataController.swift */,
				5CBA09502A6DB3670036EF67 /* CoreDataExtensions.swift */,
			);
			path = Model;
			sourceTree = "<group>";
		};
		5CA5C3982A686BE300B867D0 /* Resources */ = {
			isa = PBXGroup;
			children = (
				5C49B8D32AD09EE3002A6561 /* GassiBreeds.json */,
				5C36DAC42CA2C54B00175380 /* Localizable.xcstrings */,
				5CBA094D2A6DA6E50036EF67 /* UserDefaultsKeys.swift */,
			);
			path = Resources;
			sourceTree = "<group>";
		};
		5CCD1D1C2A6852DF00DA8727 /* Frameworks */ = {
			isa = PBXGroup;
			children = (
			);
			name = Frameworks;
			sourceTree = "<group>";
		};
		5CCD1D262A68532D00DA8727 /* GassiWatch Watch App */ = {
			isa = PBXGroup;
			children = (
				5CA5C3972A6869E200B867D0 /* GassiWatch Watch App.entitlements */,
				5CA5C3962A6869D500B867D0 /* GassiWatch-Watch-App-Info.plist */,
				5CCD1D272A68532D00DA8727 /* GassiWatchApp.swift */,
				5C0FF55E2A7863F1008EBD1D /* ContentView.swift */,
				5CCD1D2B2A68532D00DA8727 /* Assets.xcassets */,
				5CCD1D2D2A68532D00DA8727 /* Preview Content */,
			);
			path = "GassiWatch Watch App";
			sourceTree = "<group>";
		};
		5CCD1D2D2A68532D00DA8727 /* Preview Content */ = {
			isa = PBXGroup;
			children = (
				5CCD1D2E2A68532D00DA8727 /* Preview Assets.xcassets */,
			);
			path = "Preview Content";
			sourceTree = "<group>";
		};
/* End PBXGroup section */

/* Begin PBXNativeTarget section */
		5C3BF11C2A68529E00E006C6 /* Gassi */ = {
			isa = PBXNativeTarget;
			buildConfigurationList = 5C3BF1312A68529E00E006C6 /* Build configuration list for PBXNativeTarget "Gassi" */;
			buildPhases = (
				5C3BF1192A68529E00E006C6 /* Sources */,
				5C3BF11A2A68529E00E006C6 /* Frameworks */,
				5C3BF11B2A68529E00E006C6 /* Resources */,
				5CCD1D362A68532D00DA8727 /* Embed Watch Content */,
			);
			buildRules = (
			);
			dependencies = (
				5CCD1D312A68532D00DA8727 /* PBXTargetDependency */,
			);
			name = Gassi;
			productName = Gassi;
			productReference = 5C3BF11D2A68529E00E006C6 /* Gassi.app */;
			productType = "com.apple.product-type.application";
		};
		5C9F5BB32EB2CCAD00AEE0F8 /* GassiUITests */ = {
			isa = PBXNativeTarget;
			buildConfigurationList = 5C9F5BBE2EB2CCAD00AEE0F8 /* Build configuration list for PBXNativeTarget "GassiUITests" */;
			buildPhases = (
				5C9F5BB02EB2CCAD00AEE0F8 /* Sources */,
				5C9F5BB12EB2CCAD00AEE0F8 /* Frameworks */,
				5C9F5BB22EB2CCAD00AEE0F8 /* Resources */,
			);
			buildRules = (
			);
			dependencies = (
				5C9F5BBB2EB2CCAD00AEE0F8 /* PBXTargetDependency */,
			);
			fileSystemSynchronizedGroups = (
				5C9F5BB52EB2CCAD00AEE0F8 /* GassiUITests */,
			);
			name = GassiUITests;
			packageProductDependencies = (
			);
			productName = GassiUITests;
			productReference = 5C9F5BB42EB2CCAD00AEE0F8 /* GassiUITests.xctest */;
			productType = "com.apple.product-type.bundle.ui-testing";
		};
		5CCD1D242A68532C00DA8727 /* GassiWatch Watch App */ = {
			isa = PBXNativeTarget;
			buildConfigurationList = 5CCD1D332A68532D00DA8727 /* Build configuration list for PBXNativeTarget "GassiWatch Watch App" */;
			buildPhases = (
				5CCD1D212A68532C00DA8727 /* Sources */,
				5CCD1D222A68532C00DA8727 /* Frameworks */,
				5CCD1D232A68532C00DA8727 /* Resources */,
			);
			buildRules = (
			);
			dependencies = (
			);
			name = "GassiWatch Watch App";
			productName = "GassiWatch Watch App";
			productReference = 5CCD1D252A68532C00DA8727 /* GassiWatch Watch App.app */;
			productType = "com.apple.product-type.application";
		};
/* End PBXNativeTarget section */

/* Begin PBXProject section */
		5C3BF1152A68529E00E006C6 /* Project object */ = {
			isa = PBXProject;
			attributes = {
				BuildIndependentTargetsInParallel = 1;
				LastSwiftUpdateCheck = 2600;
				LastUpgradeCheck = 2600;
				TargetAttributes = {
					5C3BF11C2A68529E00E006C6 = {
						CreatedOnToolsVersion = 14.3.1;
					};
					5C9F5BB32EB2CCAD00AEE0F8 = {
						CreatedOnToolsVersion = 26.0.1;
						TestTargetID = 5C3BF11C2A68529E00E006C6;
					};
					5CCD1D242A68532C00DA8727 = {
						CreatedOnToolsVersion = 14.3.1;
					};
				};
			};
			buildConfigurationList = 5C3BF1182A68529E00E006C6 /* Build configuration list for PBXProject "Gassi" */;
			compatibilityVersion = "Xcode 14.0";
			developmentRegion = de;
			hasScannedForEncodings = 0;
			knownRegions = (
				en,
				Base,
				de,
			);
			mainGroup = 5C3BF1142A68529E00E006C6;
			productRefGroup = 5C3BF11E2A68529E00E006C6 /* Products */;
			projectDirPath = "";
			projectRoot = "";
			targets = (
				5C3BF11C2A68529E00E006C6 /* Gassi */,
				5CCD1D242A68532C00DA8727 /* GassiWatch Watch App */,
				5C9F5BB32EB2CCAD00AEE0F8 /* GassiUITests */,
			);
		};
/* End PBXProject section */

/* Begin PBXResourcesBuildPhase section */
		5C3BF11B2A68529E00E006C6 /* Resources */ = {
			isa = PBXResourcesBuildPhase;
			buildActionMask = 2147483647;
			files = (
				5C49B8D42AD09EE3002A6561 /* GassiBreeds.json in Resources */,
				5C36DAC52CA2C54B00175380 /* Localizable.xcstrings in Resources */,
				5C3BF1282A68529E00E006C6 /* Preview Assets.xcassets in Resources */,
				5C3BF1252A68529E00E006C6 /* Assets.xcassets in Resources */,
			);
			runOnlyForDeploymentPostprocessing = 0;
		};
		5C9F5BB22EB2CCAD00AEE0F8 /* Resources */ = {
			isa = PBXResourcesBuildPhase;
			buildActionMask = 2147483647;
			files = (
			);
			runOnlyForDeploymentPostprocessing = 0;
		};
		5CCD1D232A68532C00DA8727 /* Resources */ = {
			isa = PBXResourcesBuildPhase;
			buildActionMask = 2147483647;
			files = (
				5CCD1D2F2A68532D00DA8727 /* Preview Assets.xcassets in Resources */,
				5CCD1D2C2A68532D00DA8727 /* Assets.xcassets in Resources */,
			);
			runOnlyForDeploymentPostprocessing = 0;
		};
/* End PBXResourcesBuildPhase section */

/* Begin PBXSourcesBuildPhase section */
		5C3BF1192A68529E00E006C6 /* Sources */ = {
			isa = PBXSourcesBuildPhase;
			buildActionMask = 2147483647;
			files = (
				5C0FF5842A7D5F1D008EBD1D /* BreedView.swift in Sources */,
				5C4037A72A7ECB7A004063E2 /* TypeView.swift in Sources */,
				5C71D4542A975602005B1DF6 /* AddGassiView.swift in Sources */,
				5C4037A52A7ECB6C004063E2 /* TypeItemView.swift in Sources */,
				5C0FF5832A7D5F19008EBD1D /* BreedItemView.swift in Sources */,
				5C86AF652A80254C00A8CCAD /* EventDogPickerView.swift in Sources */,
				5C0FF5742A7AB259008EBD1D /* SettingsView.swift in Sources */,
				5C3BF12A2A68529E00E006C6 /* CoreDataController.swift in Sources */,
				5C0FF5702A7AABE5008EBD1D /* SexListView.swift in Sources */,
				5C3BF12D2A68529E00E006C6 /* Gassi.xcdatamodeld in Sources */,
				5C86AF632A80246F00A8CCAD /* TypePickerView.swift in Sources */,
				5C3BF1232A68529E00E006C6 /* ContentView.swift in Sources */,
				5C40379D2A7ECB2A004063E2 /* EventListView.swift in Sources */,
				5C0FF5592A7852B7008EBD1D /* StringExtensions.swift in Sources */,
				5CBA09512A6DB3670036EF67 /* CoreDataExtensions.swift in Sources */,
				5C71D4572A97CDB2005B1DF6 /* RecentEventRowView.swift in Sources */,
				5C0FF5782A7ADF82008EBD1D /* EventsView.swift in Sources */,
				5C71D45A2A97D5AC005B1DF6 /* DateExtension.swift in Sources */,
				5C4037AB2A7ECB99004063E2 /* SubtypeItemView.swift in Sources */,
				5C0FF5822A7D5F14008EBD1D /* BreedListView.swift in Sources */,
				5C0FF5612A7864B3008EBD1D /* DogItemView.swift in Sources */,
				5CA5C3A22A6872BC00B867D0 /* Documentation.docc in Sources */,
				5C0FF5552A784F15008EBD1D /* DogView.swift in Sources */,
				5C4037A32A7ECB61004063E2 /* TypeListView.swift in Sources */,
				5C4037AD2A7ECBA9004063E2 /* SubtypeView.swift in Sources */,
				5C4037A12A7ECB52004063E2 /* EventView.swift in Sources */,
				5C86AF672A8818D100A8CCAD /* EventSubtypePickerView.swift in Sources */,
				5C71D4582A97CDB2005B1DF6 /* RecentEventsListView.swift in Sources */,
				5CBA094E2A6DA6E50036EF67 /* UserDefaultsKeys.swift in Sources */,
				5C0FF57C2A7AF8A5008EBD1D /* NavigationController.swift in Sources */,
				5C40379F2A7ECB45004063E2 /* EventItemView.swift in Sources */,
				5C0FF5642A78669A008EBD1D /* DogListView.swift in Sources */,
				5C2F99092A969802008889F5 /* DogMenuView.swift in Sources */,
				5C4037A92A7ECB8E004063E2 /* SubtypeListView.swift in Sources */,
				5C0FF5762A7ADF5D008EBD1D /* GassiView.swift in Sources */,
				5C0FF57A2A7ADF9F008EBD1D /* ReportView.swift in Sources */,
				5C2F99072A95FE7C008889F5 /* TimeIntervalExtension.swift in Sources */,
				5C0FF56E2A7AAA28008EBD1D /* SexItemView.swift in Sources */,
				5C3BF1212A68529E00E006C6 /* GassiApp.swift in Sources */,
				5C0FF55C2A78531D008EBD1D /* BindingExtensions.swift in Sources */,
				5C0FF57E2A7D1478008EBD1D /* SexView.swift in Sources */,
			);
			runOnlyForDeploymentPostprocessing = 0;
		};
		5C9F5BB02EB2CCAD00AEE0F8 /* Sources */ = {
			isa = PBXSourcesBuildPhase;
			buildActionMask = 2147483647;
			files = (
			);
			runOnlyForDeploymentPostprocessing = 0;
		};
		5CCD1D212A68532C00DA8727 /* Sources */ = {
			isa = PBXSourcesBuildPhase;
			buildActionMask = 2147483647;
			files = (
				5CA5C3922A68663F00B867D0 /* CoreDataController.swift in Sources */,
				5C2F99062A95FE7C008889F5 /* TimeIntervalExtension.swift in Sources */,
				5CA5C3A32A6872BC00B867D0 /* Documentation.docc in Sources */,
				5C0FF55A2A7852B7008EBD1D /* StringExtensions.swift in Sources */,
				5CBA09522A6DB3670036EF67 /* CoreDataExtensions.swift in Sources */,
				5CCD1D282A68532D00DA8727 /* GassiWatchApp.swift in Sources */,
				5C0FF55F2A7863F1008EBD1D /* ContentView.swift in Sources */,
				5CBA094F2A6DA6E50036EF67 /* UserDefaultsKeys.swift in Sources */,
				5CBA09442A6D1DA10036EF67 /* Gassi.xcdatamodeld in Sources */,
				5C0FF55D2A78531D008EBD1D /* BindingExtensions.swift in Sources */,
			);
			runOnlyForDeploymentPostprocessing = 0;
		};
/* End PBXSourcesBuildPhase section */

/* Begin PBXTargetDependency section */
		5C9F5BBB2EB2CCAD00AEE0F8 /* PBXTargetDependency */ = {
			isa = PBXTargetDependency;
			target = 5C3BF11C2A68529E00E006C6 /* Gassi */;
			targetProxy = 5C9F5BBA2EB2CCAD00AEE0F8 /* PBXContainerItemProxy */;
		};
		5CCD1D312A68532D00DA8727 /* PBXTargetDependency */ = {
			isa = PBXTargetDependency;
			target = 5CCD1D242A68532C00DA8727 /* GassiWatch Watch App */;
			targetProxy = 5CCD1D302A68532D00DA8727 /* PBXContainerItemProxy */;
		};
/* End PBXTargetDependency section */

/* Begin XCBuildConfiguration section */
		5C3BF12F2A68529E00E006C6 /* Debug */ = {
			isa = XCBuildConfiguration;
			buildSettings = {
				ALWAYS_SEARCH_USER_PATHS = NO;
				CLANG_ANALYZER_LOCALIZABILITY_NONLOCALIZED = YES;
				CLANG_ANALYZER_NONNULL = YES;
				CLANG_ANALYZER_NUMBER_OBJECT_CONVERSION = YES_AGGRESSIVE;
				CLANG_CXX_LANGUAGE_STANDARD = "gnu++20";
				CLANG_ENABLE_MODULES = YES;
				CLANG_ENABLE_OBJC_ARC = YES;
				CLANG_ENABLE_OBJC_WEAK = YES;
				CLANG_WARN_BLOCK_CAPTURE_AUTORELEASING = YES;
				CLANG_WARN_BOOL_CONVERSION = YES;
				CLANG_WARN_COMMA = YES;
				CLANG_WARN_CONSTANT_CONVERSION = YES;
				CLANG_WARN_DEPRECATED_OBJC_IMPLEMENTATIONS = YES;
				CLANG_WARN_DIRECT_OBJC_ISA_USAGE = YES_ERROR;
				CLANG_WARN_DOCUMENTATION_COMMENTS = YES;
				CLANG_WARN_EMPTY_BODY = YES;
				CLANG_WARN_ENUM_CONVERSION = YES;
				CLANG_WARN_INFINITE_RECURSION = YES;
				CLANG_WARN_INT_CONVERSION = YES;
				CLANG_WARN_NON_LITERAL_NULL_CONVERSION = YES;
				CLANG_WARN_OBJC_IMPLICIT_RETAIN_SELF = YES;
				CLANG_WARN_OBJC_LITERAL_CONVERSION = YES;
				CLANG_WARN_OBJC_ROOT_CLASS = YES_ERROR;
				CLANG_WARN_QUOTED_INCLUDE_IN_FRAMEWORK_HEADER = YES;
				CLANG_WARN_RANGE_LOOP_ANALYSIS = YES;
				CLANG_WARN_STRICT_PROTOTYPES = YES;
				CLANG_WARN_SUSPICIOUS_MOVE = YES;
				CLANG_WARN_UNGUARDED_AVAILABILITY = YES_AGGRESSIVE;
				CLANG_WARN_UNREACHABLE_CODE = YES;
				CLANG_WARN__DUPLICATE_METHOD_MATCH = YES;
				COPY_PHASE_STRIP = NO;
				DEBUG_INFORMATION_FORMAT = dwarf;
				DEVELOPMENT_TEAM = J642D97843;
				ENABLE_STRICT_OBJC_MSGSEND = YES;
				ENABLE_TESTABILITY = YES;
				ENABLE_USER_SCRIPT_SANDBOXING = YES;
				GCC_C_LANGUAGE_STANDARD = gnu11;
				GCC_DYNAMIC_NO_PIC = NO;
				GCC_NO_COMMON_BLOCKS = YES;
				GCC_OPTIMIZATION_LEVEL = 0;
				GCC_PREPROCESSOR_DEFINITIONS = (
					"DEBUG=1",
					"$(inherited)",
				);
				GCC_WARN_64_TO_32_BIT_CONVERSION = YES;
				GCC_WARN_ABOUT_RETURN_TYPE = YES_ERROR;
				GCC_WARN_UNDECLARED_SELECTOR = YES;
				GCC_WARN_UNINITIALIZED_AUTOS = YES_AGGRESSIVE;
				GCC_WARN_UNUSED_FUNCTION = YES;
				GCC_WARN_UNUSED_VARIABLE = YES;
				IPHONEOS_DEPLOYMENT_TARGET = 17.0;
				LOCALIZATION_PREFERS_STRING_CATALOGS = YES;
				MTL_ENABLE_DEBUG_INFO = INCLUDE_SOURCE;
				MTL_FAST_MATH = YES;
				ONLY_ACTIVE_ARCH = YES;
				SDKROOT = iphoneos;
				STRING_CATALOG_GENERATE_SYMBOLS = YES;
				SWIFT_ACTIVE_COMPILATION_CONDITIONS = DEBUG;
				SWIFT_EMIT_LOC_STRINGS = YES;
				SWIFT_OPTIMIZATION_LEVEL = "-Onone";
			};
			name = Debug;
		};
		5C3BF1302A68529E00E006C6 /* Release */ = {
			isa = XCBuildConfiguration;
			buildSettings = {
				ALWAYS_SEARCH_USER_PATHS = NO;
				CLANG_ANALYZER_LOCALIZABILITY_NONLOCALIZED = YES;
				CLANG_ANALYZER_NONNULL = YES;
				CLANG_ANALYZER_NUMBER_OBJECT_CONVERSION = YES_AGGRESSIVE;
				CLANG_CXX_LANGUAGE_STANDARD = "gnu++20";
				CLANG_ENABLE_MODULES = YES;
				CLANG_ENABLE_OBJC_ARC = YES;
				CLANG_ENABLE_OBJC_WEAK = YES;
				CLANG_WARN_BLOCK_CAPTURE_AUTORELEASING = YES;
				CLANG_WARN_BOOL_CONVERSION = YES;
				CLANG_WARN_COMMA = YES;
				CLANG_WARN_CONSTANT_CONVERSION = YES;
				CLANG_WARN_DEPRECATED_OBJC_IMPLEMENTATIONS = YES;
				CLANG_WARN_DIRECT_OBJC_ISA_USAGE = YES_ERROR;
				CLANG_WARN_DOCUMENTATION_COMMENTS = YES;
				CLANG_WARN_EMPTY_BODY = YES;
				CLANG_WARN_ENUM_CONVERSION = YES;
				CLANG_WARN_INFINITE_RECURSION = YES;
				CLANG_WARN_INT_CONVERSION = YES;
				CLANG_WARN_NON_LITERAL_NULL_CONVERSION = YES;
				CLANG_WARN_OBJC_IMPLICIT_RETAIN_SELF = YES;
				CLANG_WARN_OBJC_LITERAL_CONVERSION = YES;
				CLANG_WARN_OBJC_ROOT_CLASS = YES_ERROR;
				CLANG_WARN_QUOTED_INCLUDE_IN_FRAMEWORK_HEADER = YES;
				CLANG_WARN_RANGE_LOOP_ANALYSIS = YES;
				CLANG_WARN_STRICT_PROTOTYPES = YES;
				CLANG_WARN_SUSPICIOUS_MOVE = YES;
				CLANG_WARN_UNGUARDED_AVAILABILITY = YES_AGGRESSIVE;
				CLANG_WARN_UNREACHABLE_CODE = YES;
				CLANG_WARN__DUPLICATE_METHOD_MATCH = YES;
				COPY_PHASE_STRIP = NO;
				DEBUG_INFORMATION_FORMAT = "dwarf-with-dsym";
				DEVELOPMENT_TEAM = J642D97843;
				ENABLE_NS_ASSERTIONS = NO;
				ENABLE_STRICT_OBJC_MSGSEND = YES;
				ENABLE_USER_SCRIPT_SANDBOXING = YES;
				GCC_C_LANGUAGE_STANDARD = gnu11;
				GCC_NO_COMMON_BLOCKS = YES;
				GCC_WARN_64_TO_32_BIT_CONVERSION = YES;
				GCC_WARN_ABOUT_RETURN_TYPE = YES_ERROR;
				GCC_WARN_UNDECLARED_SELECTOR = YES;
				GCC_WARN_UNINITIALIZED_AUTOS = YES_AGGRESSIVE;
				GCC_WARN_UNUSED_FUNCTION = YES;
				GCC_WARN_UNUSED_VARIABLE = YES;
				IPHONEOS_DEPLOYMENT_TARGET = 17.0;
				LOCALIZATION_PREFERS_STRING_CATALOGS = YES;
				MTL_ENABLE_DEBUG_INFO = NO;
				MTL_FAST_MATH = YES;
				SDKROOT = iphoneos;
				STRING_CATALOG_GENERATE_SYMBOLS = YES;
				SWIFT_COMPILATION_MODE = wholemodule;
				SWIFT_EMIT_LOC_STRINGS = YES;
				SWIFT_OPTIMIZATION_LEVEL = "-O";
				VALIDATE_PRODUCT = YES;
			};
			name = Release;
		};
		5C3BF1322A68529E00E006C6 /* Debug */ = {
			isa = XCBuildConfiguration;
			buildSettings = {
				ASSETCATALOG_COMPILER_APPICON_NAME = AppIcon;
				ASSETCATALOG_COMPILER_GLOBAL_ACCENT_COLOR_NAME = AccentColor;
				CODE_SIGN_ENTITLEMENTS = Gassi/Gassi.entitlements;
				CODE_SIGN_STYLE = Automatic;
				CURRENT_PROJECT_VERSION = 1;
				DEVELOPMENT_ASSET_PATHS = "\"Gassi/Preview Content\"";
				ENABLE_PREVIEWS = YES;
				GENERATE_INFOPLIST_FILE = YES;
				INFOPLIST_FILE = Gassi/Info.plist;
				INFOPLIST_KEY_UIApplicationSceneManifest_Generation = YES;
				INFOPLIST_KEY_UIApplicationSupportsIndirectInputEvents = YES;
				INFOPLIST_KEY_UILaunchScreen_Generation = YES;
				INFOPLIST_KEY_UISupportedInterfaceOrientations_iPad = "UIInterfaceOrientationPortrait UIInterfaceOrientationPortraitUpsideDown UIInterfaceOrientationLandscapeLeft UIInterfaceOrientationLandscapeRight";
				INFOPLIST_KEY_UISupportedInterfaceOrientations_iPhone = "UIInterfaceOrientationPortrait UIInterfaceOrientationLandscapeLeft UIInterfaceOrientationLandscapeRight";
				LD_RUNPATH_SEARCH_PATHS = (
					"$(inherited)",
					"@executable_path/Frameworks",
				);
				MARKETING_VERSION = 1.0;
				PRODUCT_BUNDLE_IDENTIFIER = SpoonSOFT.Gassi;
				PRODUCT_NAME = "$(TARGET_NAME)";
				SWIFT_EMIT_LOC_STRINGS = YES;
				SWIFT_VERSION = 5.0;
				TARGETED_DEVICE_FAMILY = "1,2";
			};
			name = Debug;
		};
		5C3BF1332A68529E00E006C6 /* Release */ = {
			isa = XCBuildConfiguration;
			buildSettings = {
				ASSETCATALOG_COMPILER_APPICON_NAME = AppIcon;
				ASSETCATALOG_COMPILER_GLOBAL_ACCENT_COLOR_NAME = AccentColor;
				CODE_SIGN_ENTITLEMENTS = Gassi/Gassi.entitlements;
				CODE_SIGN_STYLE = Automatic;
				CURRENT_PROJECT_VERSION = 1;
				DEVELOPMENT_ASSET_PATHS = "\"Gassi/Preview Content\"";
				ENABLE_PREVIEWS = YES;
				GENERATE_INFOPLIST_FILE = YES;
				INFOPLIST_FILE = Gassi/Info.plist;
				INFOPLIST_KEY_UIApplicationSceneManifest_Generation = YES;
				INFOPLIST_KEY_UIApplicationSupportsIndirectInputEvents = YES;
				INFOPLIST_KEY_UILaunchScreen_Generation = YES;
				INFOPLIST_KEY_UISupportedInterfaceOrientations_iPad = "UIInterfaceOrientationPortrait UIInterfaceOrientationPortraitUpsideDown UIInterfaceOrientationLandscapeLeft UIInterfaceOrientationLandscapeRight";
				INFOPLIST_KEY_UISupportedInterfaceOrientations_iPhone = "UIInterfaceOrientationPortrait UIInterfaceOrientationLandscapeLeft UIInterfaceOrientationLandscapeRight";
				LD_RUNPATH_SEARCH_PATHS = (
					"$(inherited)",
					"@executable_path/Frameworks",
				);
				MARKETING_VERSION = 1.0;
				PRODUCT_BUNDLE_IDENTIFIER = SpoonSOFT.Gassi;
				PRODUCT_NAME = "$(TARGET_NAME)";
				SWIFT_EMIT_LOC_STRINGS = YES;
				SWIFT_VERSION = 5.0;
				TARGETED_DEVICE_FAMILY = "1,2";
			};
			name = Release;
		};
		5C9F5BBC2EB2CCAD00AEE0F8 /* Debug */ = {
			isa = XCBuildConfiguration;
			buildSettings = {
				ASSETCATALOG_COMPILER_GENERATE_SWIFT_ASSET_SYMBOL_EXTENSIONS = YES;
				CODE_SIGN_STYLE = Automatic;
				CURRENT_PROJECT_VERSION = 1;
				GCC_C_LANGUAGE_STANDARD = gnu17;
				GENERATE_INFOPLIST_FILE = YES;
				IPHONEOS_DEPLOYMENT_TARGET = 26.0;
				MARKETING_VERSION = 1.0;
				PRODUCT_BUNDLE_IDENTIFIER = SpoonSOFT.GassiUITests;
				PRODUCT_NAME = "$(TARGET_NAME)";
				STRING_CATALOG_GENERATE_SYMBOLS = NO;
				SWIFT_ACTIVE_COMPILATION_CONDITIONS = "DEBUG $(inherited)";
				SWIFT_APPROACHABLE_CONCURRENCY = YES;
				SWIFT_EMIT_LOC_STRINGS = NO;
				SWIFT_UPCOMING_FEATURE_MEMBER_IMPORT_VISIBILITY = YES;
				SWIFT_VERSION = 5.0;
				TARGETED_DEVICE_FAMILY = "1,2";
				TEST_TARGET_NAME = Gassi;
			};
			name = Debug;
		};
		5C9F5BBD2EB2CCAD00AEE0F8 /* Release */ = {
			isa = XCBuildConfiguration;
			buildSettings = {
				ASSETCATALOG_COMPILER_GENERATE_SWIFT_ASSET_SYMBOL_EXTENSIONS = YES;
				CODE_SIGN_STYLE = Automatic;
				CURRENT_PROJECT_VERSION = 1;
				GCC_C_LANGUAGE_STANDARD = gnu17;
				GENERATE_INFOPLIST_FILE = YES;
				IPHONEOS_DEPLOYMENT_TARGET = 26.0;
				MARKETING_VERSION = 1.0;
				PRODUCT_BUNDLE_IDENTIFIER = SpoonSOFT.GassiUITests;
				PRODUCT_NAME = "$(TARGET_NAME)";
				STRING_CATALOG_GENERATE_SYMBOLS = NO;
				SWIFT_APPROACHABLE_CONCURRENCY = YES;
				SWIFT_EMIT_LOC_STRINGS = NO;
				SWIFT_UPCOMING_FEATURE_MEMBER_IMPORT_VISIBILITY = YES;
				SWIFT_VERSION = 5.0;
				TARGETED_DEVICE_FAMILY = "1,2";
				TEST_TARGET_NAME = Gassi;
			};
			name = Release;
		};
		5CCD1D342A68532D00DA8727 /* Debug */ = {
			isa = XCBuildConfiguration;
			buildSettings = {
				ASSETCATALOG_COMPILER_APPICON_NAME = AppIcon;
				ASSETCATALOG_COMPILER_GLOBAL_ACCENT_COLOR_NAME = AccentColor;
				CODE_SIGN_ENTITLEMENTS = "GassiWatch Watch App/GassiWatch Watch App.entitlements";
				CODE_SIGN_STYLE = Automatic;
				CURRENT_PROJECT_VERSION = 1;
				DEVELOPMENT_ASSET_PATHS = "\"GassiWatch Watch App/Preview Content\"";
				ENABLE_PREVIEWS = YES;
				GENERATE_INFOPLIST_FILE = YES;
				INFOPLIST_FILE = "GassiWatch-Watch-App-Info.plist";
				INFOPLIST_KEY_CFBundleDisplayName = GassiWatch;
				INFOPLIST_KEY_UISupportedInterfaceOrientations = "UIInterfaceOrientationPortrait UIInterfaceOrientationPortraitUpsideDown";
				INFOPLIST_KEY_WKCompanionAppBundleIdentifier = SpoonSOFT.Gassi;
				LD_RUNPATH_SEARCH_PATHS = (
					"$(inherited)",
					"@executable_path/Frameworks",
				);
				MARKETING_VERSION = 1.0;
				PRODUCT_BUNDLE_IDENTIFIER = SpoonSOFT.Gassi.watchkitapp;
				PRODUCT_NAME = "$(TARGET_NAME)";
				SDKROOT = watchos;
				SKIP_INSTALL = YES;
				SWIFT_EMIT_LOC_STRINGS = YES;
				SWIFT_VERSION = 5.0;
				TARGETED_DEVICE_FAMILY = 4;
				WATCHOS_DEPLOYMENT_TARGET = 9.4;
			};
			name = Debug;
		};
		5CCD1D352A68532D00DA8727 /* Release */ = {
			isa = XCBuildConfiguration;
			buildSettings = {
				ASSETCATALOG_COMPILER_APPICON_NAME = AppIcon;
				ASSETCATALOG_COMPILER_GLOBAL_ACCENT_COLOR_NAME = AccentColor;
				CODE_SIGN_ENTITLEMENTS = "GassiWatch Watch App/GassiWatch Watch App.entitlements";
				CODE_SIGN_STYLE = Automatic;
				CURRENT_PROJECT_VERSION = 1;
				DEVELOPMENT_ASSET_PATHS = "\"GassiWatch Watch App/Preview Content\"";
				ENABLE_PREVIEWS = YES;
				GENERATE_INFOPLIST_FILE = YES;
				INFOPLIST_FILE = "GassiWatch-Watch-App-Info.plist";
				INFOPLIST_KEY_CFBundleDisplayName = GassiWatch;
				INFOPLIST_KEY_UISupportedInterfaceOrientations = "UIInterfaceOrientationPortrait UIInterfaceOrientationPortraitUpsideDown";
				INFOPLIST_KEY_WKCompanionAppBundleIdentifier = SpoonSOFT.Gassi;
				LD_RUNPATH_SEARCH_PATHS = (
					"$(inherited)",
					"@executable_path/Frameworks",
				);
				MARKETING_VERSION = 1.0;
				PRODUCT_BUNDLE_IDENTIFIER = SpoonSOFT.Gassi.watchkitapp;
				PRODUCT_NAME = "$(TARGET_NAME)";
				SDKROOT = watchos;
				SKIP_INSTALL = YES;
				SWIFT_EMIT_LOC_STRINGS = YES;
				SWIFT_VERSION = 5.0;
				TARGETED_DEVICE_FAMILY = 4;
				WATCHOS_DEPLOYMENT_TARGET = 9.4;
			};
			name = Release;
		};
/* End XCBuildConfiguration section */

/* Begin XCConfigurationList section */
		5C3BF1182A68529E00E006C6 /* Build configuration list for PBXProject "Gassi" */ = {
			isa = XCConfigurationList;
			buildConfigurations = (
				5C3BF12F2A68529E00E006C6 /* Debug */,
				5C3BF1302A68529E00E006C6 /* Release */,
			);
			defaultConfigurationIsVisible = 0;
			defaultConfigurationName = Release;
		};
		5C3BF1312A68529E00E006C6 /* Build configuration list for PBXNativeTarget "Gassi" */ = {
			isa = XCConfigurationList;
			buildConfigurations = (
				5C3BF1322A68529E00E006C6 /* Debug */,
				5C3BF1332A68529E00E006C6 /* Release */,
			);
			defaultConfigurationIsVisible = 0;
			defaultConfigurationName = Release;
		};
		5C9F5BBE2EB2CCAD00AEE0F8 /* Build configuration list for PBXNativeTarget "GassiUITests" */ = {
			isa = XCConfigurationList;
			buildConfigurations = (
				5C9F5BBC2EB2CCAD00AEE0F8 /* Debug */,
				5C9F5BBD2EB2CCAD00AEE0F8 /* Release */,
			);
			defaultConfigurationIsVisible = 0;
			defaultConfigurationName = Release;
		};
		5CCD1D332A68532D00DA8727 /* Build configuration list for PBXNativeTarget "GassiWatch Watch App" */ = {
			isa = XCConfigurationList;
			buildConfigurations = (
				5CCD1D342A68532D00DA8727 /* Debug */,
				5CCD1D352A68532D00DA8727 /* Release */,
			);
			defaultConfigurationIsVisible = 0;
			defaultConfigurationName = Release;
		};
/* End XCConfigurationList section */

/* Begin XCVersionGroup section */
		5C3BF12B2A68529E00E006C6 /* Gassi.xcdatamodeld */ = {
			isa = XCVersionGroup;
			children = (
				5C3BF12C2A68529E00E006C6 /* Gassi.xcdatamodel */,
			);
			currentVersion = 5C3BF12C2A68529E00E006C6 /* Gassi.xcdatamodel */;
			path = Gassi.xcdatamodeld;
			sourceTree = "<group>";
			versionGroupType = wrapper.xcdatamodel;
		};
/* End XCVersionGroup section */
	};
	rootObject = 5C3BF1152A68529E00E006C6 /* Project object */;
}
